// !$*UTF8*$!
{
	archiveVersion = 1;
	classes = {
	};
	objectVersion = 51;
	objects = {

/* Begin PBXBuildFile section */
		0656F96998E002203FC38EEC /* Pods_Parstagram_ParstagramUITests.framework in Frameworks */ = {isa = PBXBuildFile; fileRef = 19A13F2464EB287C3D6D3160 /* Pods_Parstagram_ParstagramUITests.framework */; };
		5C85A3517F869CAC18EFF7CF /* Pods_Parstagram.framework in Frameworks */ = {isa = PBXBuildFile; fileRef = F1D2D3FC16FF798ABF9B585D /* Pods_Parstagram.framework */; };
		9996DC9C0722B686A2992B09 /* Pods_ParstagramTests.framework in Frameworks */ = {isa = PBXBuildFile; fileRef = D60AEC96C3EC639A1B56B0F1 /* Pods_ParstagramTests.framework */; };
		D5022E3B2605C86B006BB3C4 /* PostCell.swift in Sources */ = {isa = PBXBuildFile; fileRef = D5022E3A2605C86B006BB3C4 /* PostCell.swift */; };
		D5109178260597CB002DB5A1 /* LoginViewController.swift in Sources */ = {isa = PBXBuildFile; fileRef = D5109177260597CB002DB5A1 /* LoginViewController.swift */; };
		D510917D260597DF002DB5A1 /* FeedViewController.swift in Sources */ = {isa = PBXBuildFile; fileRef = D510917C260597DF002DB5A1 /* FeedViewController.swift */; };
		D51091822605B0DA002DB5A1 /* CameraViewController.swift in Sources */ = {isa = PBXBuildFile; fileRef = D51091812605B0DA002DB5A1 /* CameraViewController.swift */; };
		D5B3EA5426058BA500ADF142 /* AppDelegate.swift in Sources */ = {isa = PBXBuildFile; fileRef = D5B3EA5326058BA500ADF142 /* AppDelegate.swift */; };
		D5B3EA5626058BA500ADF142 /* SceneDelegate.swift in Sources */ = {isa = PBXBuildFile; fileRef = D5B3EA5526058BA500ADF142 /* SceneDelegate.swift */; };
		D5B3EA5B26058BA500ADF142 /* Main.storyboard in Resources */ = {isa = PBXBuildFile; fileRef = D5B3EA5926058BA500ADF142 /* Main.storyboard */; };
		D5B3EA5D26058BA700ADF142 /* Assets.xcassets in Resources */ = {isa = PBXBuildFile; fileRef = D5B3EA5C26058BA700ADF142 /* Assets.xcassets */; };
		D5B3EA6026058BA700ADF142 /* LaunchScreen.storyboard in Resources */ = {isa = PBXBuildFile; fileRef = D5B3EA5E26058BA700ADF142 /* LaunchScreen.storyboard */; };
		D5B3EA6B26058BA800ADF142 /* ParstagramTests.swift in Sources */ = {isa = PBXBuildFile; fileRef = D5B3EA6A26058BA800ADF142 /* ParstagramTests.swift */; };
		D5B3EA7626058BA800ADF142 /* ParstagramUITests.swift in Sources */ = {isa = PBXBuildFile; fileRef = D5B3EA7526058BA800ADF142 /* ParstagramUITests.swift */; };
/* End PBXBuildFile section */

/* Begin PBXContainerItemProxy section */
		D5B3EA6726058BA800ADF142 /* PBXContainerItemProxy */ = {
			isa = PBXContainerItemProxy;
			containerPortal = D5B3EA4826058BA400ADF142 /* Project object */;
			proxyType = 1;
			remoteGlobalIDString = D5B3EA4F26058BA400ADF142;
			remoteInfo = Parstagram;
		};
		D5B3EA7226058BA800ADF142 /* PBXContainerItemProxy */ = {
			isa = PBXContainerItemProxy;
			containerPortal = D5B3EA4826058BA400ADF142 /* Project object */;
			proxyType = 1;
			remoteGlobalIDString = D5B3EA4F26058BA400ADF142;
			remoteInfo = Parstagram;
		};
/* End PBXContainerItemProxy section */

/* Begin PBXFileReference section */
		19A13F2464EB287C3D6D3160 /* Pods_Parstagram_ParstagramUITests.framework */ = {isa = PBXFileReference; explicitFileType = wrapper.framework; includeInIndex = 0; path = Pods_Parstagram_ParstagramUITests.framework; sourceTree = BUILT_PRODUCTS_DIR; };
		21497255CE805A241D64CB3E /* Pods-Parstagram-ParstagramUITests.release.xcconfig */ = {isa = PBXFileReference; includeInIndex = 1; lastKnownFileType = text.xcconfig; name = "Pods-Parstagram-ParstagramUITests.release.xcconfig"; path = "Target Support Files/Pods-Parstagram-ParstagramUITests/Pods-Parstagram-ParstagramUITests.release.xcconfig"; sourceTree = "<group>"; };
		488E65D59E38BD345D58977A /* Pods-ParstagramTests.release.xcconfig */ = {isa = PBXFileReference; includeInIndex = 1; lastKnownFileType = text.xcconfig; name = "Pods-ParstagramTests.release.xcconfig"; path = "Target Support Files/Pods-ParstagramTests/Pods-ParstagramTests.release.xcconfig"; sourceTree = "<group>"; };
		83730534EC815B10F468137B /* Pods-Parstagram.release.xcconfig */ = {isa = PBXFileReference; includeInIndex = 1; lastKnownFileType = text.xcconfig; name = "Pods-Parstagram.release.xcconfig"; path = "Target Support Files/Pods-Parstagram/Pods-Parstagram.release.xcconfig"; sourceTree = "<group>"; };
		91BC65876C2FBAB77CA32D70 /* Pods-Parstagram.debug.xcconfig */ = {isa = PBXFileReference; includeInIndex = 1; lastKnownFileType = text.xcconfig; name = "Pods-Parstagram.debug.xcconfig"; path = "Target Support Files/Pods-Parstagram/Pods-Parstagram.debug.xcconfig"; sourceTree = "<group>"; };
		A1D4AB07E97C2838E72F46BB /* Pods-ParstagramTests.debug.xcconfig */ = {isa = PBXFileReference; includeInIndex = 1; lastKnownFileType = text.xcconfig; name = "Pods-ParstagramTests.debug.xcconfig"; path = "Target Support Files/Pods-ParstagramTests/Pods-ParstagramTests.debug.xcconfig"; sourceTree = "<group>"; };
		D5022E3A2605C86B006BB3C4 /* PostCell.swift */ = {isa = PBXFileReference; lastKnownFileType = sourcecode.swift; path = PostCell.swift; sourceTree = "<group>"; };
		D5109177260597CB002DB5A1 /* LoginViewController.swift */ = {isa = PBXFileReference; lastKnownFileType = sourcecode.swift; path = LoginViewController.swift; sourceTree = "<group>"; };
		D510917C260597DF002DB5A1 /* FeedViewController.swift */ = {isa = PBXFileReference; lastKnownFileType = sourcecode.swift; path = FeedViewController.swift; sourceTree = "<group>"; };
		D51091812605B0DA002DB5A1 /* CameraViewController.swift */ = {isa = PBXFileReference; lastKnownFileType = sourcecode.swift; path = CameraViewController.swift; sourceTree = "<group>"; };
		D525E595DAECD6F224774EB0 /* Pods-Parstagram-ParstagramUITests.debug.xcconfig */ = {isa = PBXFileReference; includeInIndex = 1; lastKnownFileType = text.xcconfig; name = "Pods-Parstagram-ParstagramUITests.debug.xcconfig"; path = "Target Support Files/Pods-Parstagram-ParstagramUITests/Pods-Parstagram-ParstagramUITests.debug.xcconfig"; sourceTree = "<group>"; };
		D5B3EA5026058BA500ADF142 /* Parstagram.app */ = {isa = PBXFileReference; explicitFileType = wrapper.application; includeInIndex = 0; path = Parstagram.app; sourceTree = BUILT_PRODUCTS_DIR; };
		D5B3EA5326058BA500ADF142 /* AppDelegate.swift */ = {isa = PBXFileReference; lastKnownFileType = sourcecode.swift; path = AppDelegate.swift; sourceTree = "<group>"; };
		D5B3EA5526058BA500ADF142 /* SceneDelegate.swift */ = {isa = PBXFileReference; lastKnownFileType = sourcecode.swift; path = SceneDelegate.swift; sourceTree = "<group>"; };
		D5B3EA5A26058BA500ADF142 /* Base */ = {isa = PBXFileReference; lastKnownFileType = file.storyboard; name = Base; path = Base.lproj/Main.storyboard; sourceTree = "<group>"; };
		D5B3EA5C26058BA700ADF142 /* Assets.xcassets */ = {isa = PBXFileReference; lastKnownFileType = folder.assetcatalog; path = Assets.xcassets; sourceTree = "<group>"; };
		D5B3EA5F26058BA700ADF142 /* Base */ = {isa = PBXFileReference; lastKnownFileType = file.storyboard; name = Base; path = Base.lproj/LaunchScreen.storyboard; sourceTree = "<group>"; };
		D5B3EA6126058BA700ADF142 /* Info.plist */ = {isa = PBXFileReference; lastKnownFileType = text.plist.xml; path = Info.plist; sourceTree = "<group>"; };
		D5B3EA6626058BA800ADF142 /* ParstagramTests.xctest */ = {isa = PBXFileReference; explicitFileType = wrapper.cfbundle; includeInIndex = 0; path = ParstagramTests.xctest; sourceTree = BUILT_PRODUCTS_DIR; };
		D5B3EA6A26058BA800ADF142 /* ParstagramTests.swift */ = {isa = PBXFileReference; lastKnownFileType = sourcecode.swift; path = ParstagramTests.swift; sourceTree = "<group>"; };
		D5B3EA6C26058BA800ADF142 /* Info.plist */ = {isa = PBXFileReference; lastKnownFileType = text.plist.xml; path = Info.plist; sourceTree = "<group>"; };
		D5B3EA7126058BA800ADF142 /* ParstagramUITests.xctest */ = {isa = PBXFileReference; explicitFileType = wrapper.cfbundle; includeInIndex = 0; path = ParstagramUITests.xctest; sourceTree = BUILT_PRODUCTS_DIR; };
		D5B3EA7526058BA800ADF142 /* ParstagramUITests.swift */ = {isa = PBXFileReference; lastKnownFileType = sourcecode.swift; path = ParstagramUITests.swift; sourceTree = "<group>"; };
		D5B3EA7726058BA800ADF142 /* Info.plist */ = {isa = PBXFileReference; lastKnownFileType = text.plist.xml; path = Info.plist; sourceTree = "<group>"; };
		D60AEC96C3EC639A1B56B0F1 /* Pods_ParstagramTests.framework */ = {isa = PBXFileReference; explicitFileType = wrapper.framework; includeInIndex = 0; path = Pods_ParstagramTests.framework; sourceTree = BUILT_PRODUCTS_DIR; };
		F1D2D3FC16FF798ABF9B585D /* Pods_Parstagram.framework */ = {isa = PBXFileReference; explicitFileType = wrapper.framework; includeInIndex = 0; path = Pods_Parstagram.framework; sourceTree = BUILT_PRODUCTS_DIR; };
/* End PBXFileReference section */

/* Begin PBXFrameworksBuildPhase section */
		D5B3EA4D26058BA400ADF142 /* Frameworks */ = {
			isa = PBXFrameworksBuildPhase;
			buildActionMask = 2147483647;
			files = (
				5C85A3517F869CAC18EFF7CF /* Pods_Parstagram.framework in Frameworks */,
			);
			runOnlyForDeploymentPostprocessing = 0;
		};
		D5B3EA6326058BA800ADF142 /* Frameworks */ = {
			isa = PBXFrameworksBuildPhase;
			buildActionMask = 2147483647;
			files = (
				9996DC9C0722B686A2992B09 /* Pods_ParstagramTests.framework in Frameworks */,
			);
			runOnlyForDeploymentPostprocessing = 0;
		};
		D5B3EA6E26058BA800ADF142 /* Frameworks */ = {
			isa = PBXFrameworksBuildPhase;
			buildActionMask = 2147483647;
			files = (
				0656F96998E002203FC38EEC /* Pods_Parstagram_ParstagramUITests.framework in Frameworks */,
			);
			runOnlyForDeploymentPostprocessing = 0;
		};
/* End PBXFrameworksBuildPhase section */

/* Begin PBXGroup section */
		491B4F1823775BC391531E0F /* Frameworks */ = {
			isa = PBXGroup;
			children = (
				F1D2D3FC16FF798ABF9B585D /* Pods_Parstagram.framework */,
				19A13F2464EB287C3D6D3160 /* Pods_Parstagram_ParstagramUITests.framework */,
				D60AEC96C3EC639A1B56B0F1 /* Pods_ParstagramTests.framework */,
			);
			name = Frameworks;
			sourceTree = "<group>";
		};
		9CB018B0D47C28648E1115CD /* Pods */ = {
			isa = PBXGroup;
			children = (
				91BC65876C2FBAB77CA32D70 /* Pods-Parstagram.debug.xcconfig */,
				83730534EC815B10F468137B /* Pods-Parstagram.release.xcconfig */,
				D525E595DAECD6F224774EB0 /* Pods-Parstagram-ParstagramUITests.debug.xcconfig */,
				21497255CE805A241D64CB3E /* Pods-Parstagram-ParstagramUITests.release.xcconfig */,
				A1D4AB07E97C2838E72F46BB /* Pods-ParstagramTests.debug.xcconfig */,
				488E65D59E38BD345D58977A /* Pods-ParstagramTests.release.xcconfig */,
			);
			path = Pods;
			sourceTree = "<group>";
		};
		D5B3EA4726058BA400ADF142 = {
			isa = PBXGroup;
			children = (
				D5B3EA5226058BA500ADF142 /* Parstagram */,
				D5B3EA6926058BA800ADF142 /* ParstagramTests */,
				D5B3EA7426058BA800ADF142 /* ParstagramUITests */,
				D5B3EA5126058BA500ADF142 /* Products */,
				9CB018B0D47C28648E1115CD /* Pods */,
				491B4F1823775BC391531E0F /* Frameworks */,
			);
			sourceTree = "<group>";
		};
		D5B3EA5126058BA500ADF142 /* Products */ = {
			isa = PBXGroup;
			children = (
				D5B3EA5026058BA500ADF142 /* Parstagram.app */,
				D5B3EA6626058BA800ADF142 /* ParstagramTests.xctest */,
				D5B3EA7126058BA800ADF142 /* ParstagramUITests.xctest */,
			);
			name = Products;
			sourceTree = "<group>";
		};
		D5B3EA5226058BA500ADF142 /* Parstagram */ = {
			isa = PBXGroup;
			children = (
				D5B3EA5326058BA500ADF142 /* AppDelegate.swift */,
				D5B3EA5526058BA500ADF142 /* SceneDelegate.swift */,
				D5B3EA5926058BA500ADF142 /* Main.storyboard */,
				D5B3EA5C26058BA700ADF142 /* Assets.xcassets */,
				D5B3EA5E26058BA700ADF142 /* LaunchScreen.storyboard */,
				D5B3EA6126058BA700ADF142 /* Info.plist */,
				D5109177260597CB002DB5A1 /* LoginViewController.swift */,
				D510917C260597DF002DB5A1 /* FeedViewController.swift */,
				D51091812605B0DA002DB5A1 /* CameraViewController.swift */,
				D5022E3A2605C86B006BB3C4 /* PostCell.swift */,
			);
			path = Parstagram;
			sourceTree = "<group>";
		};
		D5B3EA6926058BA800ADF142 /* ParstagramTests */ = {
			isa = PBXGroup;
			children = (
				D5B3EA6A26058BA800ADF142 /* ParstagramTests.swift */,
				D5B3EA6C26058BA800ADF142 /* Info.plist */,
			);
			path = ParstagramTests;
			sourceTree = "<group>";
		};
		D5B3EA7426058BA800ADF142 /* ParstagramUITests */ = {
			isa = PBXGroup;
			children = (
				D5B3EA7526058BA800ADF142 /* ParstagramUITests.swift */,
				D5B3EA7726058BA800ADF142 /* Info.plist */,
			);
			path = ParstagramUITests;
			sourceTree = "<group>";
		};
/* End PBXGroup section */

/* Begin PBXNativeTarget section */
		D5B3EA4F26058BA400ADF142 /* Parstagram */ = {
			isa = PBXNativeTarget;
			buildConfigurationList = D5B3EA7A26058BA800ADF142 /* Build configuration list for PBXNativeTarget "Parstagram" */;
			buildPhases = (
				A818B41771A5C32D32E26A24 /* [CP] Check Pods Manifest.lock */,
				D5B3EA4C26058BA400ADF142 /* Sources */,
				D5B3EA4D26058BA400ADF142 /* Frameworks */,
				D5B3EA4E26058BA400ADF142 /* Resources */,
				F73F697669D8D417DD94635F /* [CP] Embed Pods Frameworks */,
			);
			buildRules = (
			);
			dependencies = (
			);
			name = Parstagram;
			productName = Parstagram;
			productReference = D5B3EA5026058BA500ADF142 /* Parstagram.app */;
			productType = "com.apple.product-type.application";
		};
		D5B3EA6526058BA800ADF142 /* ParstagramTests */ = {
			isa = PBXNativeTarget;
			buildConfigurationList = D5B3EA7D26058BA800ADF142 /* Build configuration list for PBXNativeTarget "ParstagramTests" */;
			buildPhases = (
				8BACF060C3039E2FDC4BAA90 /* [CP] Check Pods Manifest.lock */,
				D5B3EA6226058BA800ADF142 /* Sources */,
				D5B3EA6326058BA800ADF142 /* Frameworks */,
				D5B3EA6426058BA800ADF142 /* Resources */,
			);
			buildRules = (
			);
			dependencies = (
				D5B3EA6826058BA800ADF142 /* PBXTargetDependency */,
			);
			name = ParstagramTests;
			productName = ParstagramTests;
			productReference = D5B3EA6626058BA800ADF142 /* ParstagramTests.xctest */;
			productType = "com.apple.product-type.bundle.unit-test";
		};
		D5B3EA7026058BA800ADF142 /* ParstagramUITests */ = {
			isa = PBXNativeTarget;
			buildConfigurationList = D5B3EA8026058BA800ADF142 /* Build configuration list for PBXNativeTarget "ParstagramUITests" */;
			buildPhases = (
				CC5FDB2E808BBDA3A25F6D68 /* [CP] Check Pods Manifest.lock */,
				D5B3EA6D26058BA800ADF142 /* Sources */,
				D5B3EA6E26058BA800ADF142 /* Frameworks */,
				D5B3EA6F26058BA800ADF142 /* Resources */,
				06CD55EED0E430D5D14E50FA /* [CP] Embed Pods Frameworks */,
			);
			buildRules = (
			);
			dependencies = (
				D5B3EA7326058BA800ADF142 /* PBXTargetDependency */,
			);
			name = ParstagramUITests;
			productName = ParstagramUITests;
			productReference = D5B3EA7126058BA800ADF142 /* ParstagramUITests.xctest */;
			productType = "com.apple.product-type.bundle.ui-testing";
		};
/* End PBXNativeTarget section */

/* Begin PBXProject section */
		D5B3EA4826058BA400ADF142 /* Project object */ = {
			isa = PBXProject;
			attributes = {
				LastSwiftUpdateCheck = 1240;
				LastUpgradeCheck = 1240;
				TargetAttributes = {
					D5B3EA4F26058BA400ADF142 = {
						CreatedOnToolsVersion = 12.4;
					};
					D5B3EA6526058BA800ADF142 = {
						CreatedOnToolsVersion = 12.4;
						TestTargetID = D5B3EA4F26058BA400ADF142;
					};
					D5B3EA7026058BA800ADF142 = {
						CreatedOnToolsVersion = 12.4;
						TestTargetID = D5B3EA4F26058BA400ADF142;
					};
				};
			};
			buildConfigurationList = D5B3EA4B26058BA400ADF142 /* Build configuration list for PBXProject "Parstagram" */;
			compatibilityVersion = "Xcode 9.3";
			developmentRegion = en;
			hasScannedForEncodings = 0;
			knownRegions = (
				en,
				Base,
			);
			mainGroup = D5B3EA4726058BA400ADF142;
			productRefGroup = D5B3EA5126058BA500ADF142 /* Products */;
			projectDirPath = "";
			projectRoot = "";
			targets = (
				D5B3EA4F26058BA400ADF142 /* Parstagram */,
				D5B3EA6526058BA800ADF142 /* ParstagramTests */,
				D5B3EA7026058BA800ADF142 /* ParstagramUITests */,
			);
		};
/* End PBXProject section */

/* Begin PBXResourcesBuildPhase section */
		D5B3EA4E26058BA400ADF142 /* Resources */ = {
			isa = PBXResourcesBuildPhase;
			buildActionMask = 2147483647;
			files = (
				D5B3EA6026058BA700ADF142 /* LaunchScreen.storyboard in Resources */,
				D5B3EA5D26058BA700ADF142 /* Assets.xcassets in Resources */,
				D5B3EA5B26058BA500ADF142 /* Main.storyboard in Resources */,
			);
			runOnlyForDeploymentPostprocessing = 0;
		};
		D5B3EA6426058BA800ADF142 /* Resources */ = {
			isa = PBXResourcesBuildPhase;
			buildActionMask = 2147483647;
			files = (
			);
			runOnlyForDeploymentPostprocessing = 0;
		};
		D5B3EA6F26058BA800ADF142 /* Resources */ = {
			isa = PBXResourcesBuildPhase;
			buildActionMask = 2147483647;
			files = (
			);
			runOnlyForDeploymentPostprocessing = 0;
		};
/* End PBXResourcesBuildPhase section */

/* Begin PBXShellScriptBuildPhase section */
		06CD55EED0E430D5D14E50FA /* [CP] Embed Pods Frameworks */ = {
			isa = PBXShellScriptBuildPhase;
			buildActionMask = 2147483647;
			files = (
			);
			inputFileListPaths = (
				"${PODS_ROOT}/Target Support Files/Pods-Parstagram-ParstagramUITests/Pods-Parstagram-ParstagramUITests-frameworks-${CONFIGURATION}-input-files.xcfilelist",
			);
			name = "[CP] Embed Pods Frameworks";
			outputFileListPaths = (
				"${PODS_ROOT}/Target Support Files/Pods-Parstagram-ParstagramUITests/Pods-Parstagram-ParstagramUITests-frameworks-${CONFIGURATION}-output-files.xcfilelist",
			);
			runOnlyForDeploymentPostprocessing = 0;
			shellPath = /bin/sh;
			shellScript = "\"${PODS_ROOT}/Target Support Files/Pods-Parstagram-ParstagramUITests/Pods-Parstagram-ParstagramUITests-frameworks.sh\"\n";
			showEnvVarsInLog = 0;
		};
		8BACF060C3039E2FDC4BAA90 /* [CP] Check Pods Manifest.lock */ = {
			isa = PBXShellScriptBuildPhase;
			buildActionMask = 2147483647;
			files = (
			);
			inputFileListPaths = (
			);
			inputPaths = (
				"${PODS_PODFILE_DIR_PATH}/Podfile.lock",
				"${PODS_ROOT}/Manifest.lock",
			);
			name = "[CP] Check Pods Manifest.lock";
			outputFileListPaths = (
			);
			outputPaths = (
				"$(DERIVED_FILE_DIR)/Pods-ParstagramTests-checkManifestLockResult.txt",
			);
			runOnlyForDeploymentPostprocessing = 0;
			shellPath = /bin/sh;
			shellScript = "diff \"${PODS_PODFILE_DIR_PATH}/Podfile.lock\" \"${PODS_ROOT}/Manifest.lock\" > /dev/null\nif [ $? != 0 ] ; then\n    # print error to STDERR\n    echo \"error: The sandbox is not in sync with the Podfile.lock. Run 'pod install' or update your CocoaPods installation.\" >&2\n    exit 1\nfi\n# This output is used by Xcode 'outputs' to avoid re-running this script phase.\necho \"SUCCESS\" > \"${SCRIPT_OUTPUT_FILE_0}\"\n";
			showEnvVarsInLog = 0;
		};
		A818B41771A5C32D32E26A24 /* [CP] Check Pods Manifest.lock */ = {
			isa = PBXShellScriptBuildPhase;
			buildActionMask = 2147483647;
			files = (
			);
			inputFileListPaths = (
			);
			inputPaths = (
				"${PODS_PODFILE_DIR_PATH}/Podfile.lock",
				"${PODS_ROOT}/Manifest.lock",
			);
			name = "[CP] Check Pods Manifest.lock";
			outputFileListPaths = (
			);
			outputPaths = (
				"$(DERIVED_FILE_DIR)/Pods-Parstagram-checkManifestLockResult.txt",
			);
			runOnlyForDeploymentPostprocessing = 0;
			shellPath = /bin/sh;
			shellScript = "diff \"${PODS_PODFILE_DIR_PATH}/Podfile.lock\" \"${PODS_ROOT}/Manifest.lock\" > /dev/null\nif [ $? != 0 ] ; then\n    # print error to STDERR\n    echo \"error: The sandbox is not in sync with the Podfile.lock. Run 'pod install' or update your CocoaPods installation.\" >&2\n    exit 1\nfi\n# This output is used by Xcode 'outputs' to avoid re-running this script phase.\necho \"SUCCESS\" > \"${SCRIPT_OUTPUT_FILE_0}\"\n";
			showEnvVarsInLog = 0;
		};
		CC5FDB2E808BBDA3A25F6D68 /* [CP] Check Pods Manifest.lock */ = {
			isa = PBXShellScriptBuildPhase;
			buildActionMask = 2147483647;
			files = (
			);
			inputFileListPaths = (
			);
			inputPaths = (
				"${PODS_PODFILE_DIR_PATH}/Podfile.lock",
				"${PODS_ROOT}/Manifest.lock",
			);
			name = "[CP] Check Pods Manifest.lock";
			outputFileListPaths = (
			);
			outputPaths = (
				"$(DERIVED_FILE_DIR)/Pods-Parstagram-ParstagramUITests-checkManifestLockResult.txt",
			);
			runOnlyForDeploymentPostprocessing = 0;
			shellPath = /bin/sh;
			shellScript = "diff \"${PODS_PODFILE_DIR_PATH}/Podfile.lock\" \"${PODS_ROOT}/Manifest.lock\" > /dev/null\nif [ $? != 0 ] ; then\n    # print error to STDERR\n    echo \"error: The sandbox is not in sync with the Podfile.lock. Run 'pod install' or update your CocoaPods installation.\" >&2\n    exit 1\nfi\n# This output is used by Xcode 'outputs' to avoid re-running this script phase.\necho \"SUCCESS\" > \"${SCRIPT_OUTPUT_FILE_0}\"\n";
			showEnvVarsInLog = 0;
		};
		F73F697669D8D417DD94635F /* [CP] Embed Pods Frameworks */ = {
			isa = PBXShellScriptBuildPhase;
			buildActionMask = 2147483647;
			files = (
			);
			inputFileListPaths = (
				"${PODS_ROOT}/Target Support Files/Pods-Parstagram/Pods-Parstagram-frameworks-${CONFIGURATION}-input-files.xcfilelist",
			);
			name = "[CP] Embed Pods Frameworks";
			outputFileListPaths = (
				"${PODS_ROOT}/Target Support Files/Pods-Parstagram/Pods-Parstagram-frameworks-${CONFIGURATION}-output-files.xcfilelist",
			);
			runOnlyForDeploymentPostprocessing = 0;
			shellPath = /bin/sh;
			shellScript = "\"${PODS_ROOT}/Target Support Files/Pods-Parstagram/Pods-Parstagram-frameworks.sh\"\n";
			showEnvVarsInLog = 0;
		};
/* End PBXShellScriptBuildPhase section */

/* Begin PBXSourcesBuildPhase section */
		D5B3EA4C26058BA400ADF142 /* Sources */ = {
			isa = PBXSourcesBuildPhase;
			buildActionMask = 2147483647;
			files = (
				D5109178260597CB002DB5A1 /* LoginViewController.swift in Sources */,
				D51091822605B0DA002DB5A1 /* CameraViewController.swift in Sources */,
				D5B3EA5426058BA500ADF142 /* AppDelegate.swift in Sources */,
				D510917D260597DF002DB5A1 /* FeedViewController.swift in Sources */,
				D5B3EA5626058BA500ADF142 /* SceneDelegate.swift in Sources */,
				D5022E3B2605C86B006BB3C4 /* PostCell.swift in Sources */,
			);
			runOnlyForDeploymentPostprocessing = 0;
		};
		D5B3EA6226058BA800ADF142 /* Sources */ = {
			isa = PBXSourcesBuildPhase;
			buildActionMask = 2147483647;
			files = (
				D5B3EA6B26058BA800ADF142 /* ParstagramTests.swift in Sources */,
			);
			runOnlyForDeploymentPostprocessing = 0;
		};
		D5B3EA6D26058BA800ADF142 /* Sources */ = {
			isa = PBXSourcesBuildPhase;
			buildActionMask = 2147483647;
			files = (
				D5B3EA7626058BA800ADF142 /* ParstagramUITests.swift in Sources */,
			);
			runOnlyForDeploymentPostprocessing = 0;
		};
/* End PBXSourcesBuildPhase section */

/* Begin PBXTargetDependency section */
		D5B3EA6826058BA800ADF142 /* PBXTargetDependency */ = {
			isa = PBXTargetDependency;
			target = D5B3EA4F26058BA400ADF142 /* Parstagram */;
			targetProxy = D5B3EA6726058BA800ADF142 /* PBXContainerItemProxy */;
		};
		D5B3EA7326058BA800ADF142 /* PBXTargetDependency */ = {
			isa = PBXTargetDependency;
			target = D5B3EA4F26058BA400ADF142 /* Parstagram */;
			targetProxy = D5B3EA7226058BA800ADF142 /* PBXContainerItemProxy */;
		};
/* End PBXTargetDependency section */

/* Begin PBXVariantGroup section */
		D5B3EA5926058BA500ADF142 /* Main.storyboard */ = {
			isa = PBXVariantGroup;
			children = (
				D5B3EA5A26058BA500ADF142 /* Base */,
			);
			name = Main.storyboard;
			sourceTree = "<group>";
		};
		D5B3EA5E26058BA700ADF142 /* LaunchScreen.storyboard */ = {
			isa = PBXVariantGroup;
			children = (
				D5B3EA5F26058BA700ADF142 /* Base */,
			);
			name = LaunchScreen.storyboard;
			sourceTree = "<group>";
		};
/* End PBXVariantGroup section */

/* Begin XCBuildConfiguration section */
		D5B3EA7826058BA800ADF142 /* Debug */ = {
			isa = XCBuildConfiguration;
			buildSettings = {
				ALWAYS_SEARCH_USER_PATHS = NO;
				CLANG_ANALYZER_NONNULL = YES;
				CLANG_ANALYZER_NUMBER_OBJECT_CONVERSION = YES_AGGRESSIVE;
				CLANG_CXX_LANGUAGE_STANDARD = "gnu++14";
				CLANG_CXX_LIBRARY = "libc++";
				CLANG_ENABLE_MODULES = YES;
				CLANG_ENABLE_OBJC_ARC = YES;
				CLANG_ENABLE_OBJC_WEAK = YES;
				CLANG_WARN_BLOCK_CAPTURE_AUTORELEASING = YES;
				CLANG_WARN_BOOL_CONVERSION = YES;
				CLANG_WARN_COMMA = YES;
				CLANG_WARN_CONSTANT_CONVERSION = YES;
				CLANG_WARN_DEPRECATED_OBJC_IMPLEMENTATIONS = YES;
				CLANG_WARN_DIRECT_OBJC_ISA_USAGE = YES_ERROR;
				CLANG_WARN_DOCUMENTATION_COMMENTS = YES;
				CLANG_WARN_EMPTY_BODY = YES;
				CLANG_WARN_ENUM_CONVERSION = YES;
				CLANG_WARN_INFINITE_RECURSION = YES;
				CLANG_WARN_INT_CONVERSION = YES;
				CLANG_WARN_NON_LITERAL_NULL_CONVERSION = YES;
				CLANG_WARN_OBJC_IMPLICIT_RETAIN_SELF = YES;
				CLANG_WARN_OBJC_LITERAL_CONVERSION = YES;
				CLANG_WARN_OBJC_ROOT_CLASS = YES_ERROR;
				CLANG_WARN_QUOTED_INCLUDE_IN_FRAMEWORK_HEADER = YES;
				CLANG_WARN_RANGE_LOOP_ANALYSIS = YES;
				CLANG_WARN_STRICT_PROTOTYPES = YES;
				CLANG_WARN_SUSPICIOUS_MOVE = YES;
				CLANG_WARN_UNGUARDED_AVAILABILITY = YES_AGGRESSIVE;
				CLANG_WARN_UNREACHABLE_CODE = YES;
				CLANG_WARN__DUPLICATE_METHOD_MATCH = YES;
				COPY_PHASE_STRIP = NO;
				DEBUG_INFORMATION_FORMAT = dwarf;
				ENABLE_STRICT_OBJC_MSGSEND = YES;
				ENABLE_TESTABILITY = YES;
				GCC_C_LANGUAGE_STANDARD = gnu11;
				GCC_DYNAMIC_NO_PIC = NO;
				GCC_NO_COMMON_BLOCKS = YES;
				GCC_OPTIMIZATION_LEVEL = 0;
				GCC_PREPROCESSOR_DEFINITIONS = (
					"DEBUG=1",
					"$(inherited)",
				);
				GCC_WARN_64_TO_32_BIT_CONVERSION = YES;
				GCC_WARN_ABOUT_RETURN_TYPE = YES_ERROR;
				GCC_WARN_UNDECLARED_SELECTOR = YES;
				GCC_WARN_UNINITIALIZED_AUTOS = YES_AGGRESSIVE;
				GCC_WARN_UNUSED_FUNCTION = YES;
				GCC_WARN_UNUSED_VARIABLE = YES;
				IPHONEOS_DEPLOYMENT_TARGET = 14.4;
				MTL_ENABLE_DEBUG_INFO = INCLUDE_SOURCE;
				MTL_FAST_MATH = YES;
				ONLY_ACTIVE_ARCH = YES;
				SDKROOT = iphoneos;
				SWIFT_ACTIVE_COMPILATION_CONDITIONS = DEBUG;
				SWIFT_OPTIMIZATION_LEVEL = "-Onone";
			};
			name = Debug;
		};
		D5B3EA7926058BA800ADF142 /* Release */ = {
			isa = XCBuildConfiguration;
			buildSettings = {
				ALWAYS_SEARCH_USER_PATHS = NO;
				CLANG_ANALYZER_NONNULL = YES;
				CLANG_ANALYZER_NUMBER_OBJECT_CONVERSION = YES_AGGRESSIVE;
				CLANG_CXX_LANGUAGE_STANDARD = "gnu++14";
				CLANG_CXX_LIBRARY = "libc++";
				CLANG_ENABLE_MODULES = YES;
				CLANG_ENABLE_OBJC_ARC = YES;
				CLANG_ENABLE_OBJC_WEAK = YES;
				CLANG_WARN_BLOCK_CAPTURE_AUTORELEASING = YES;
				CLANG_WARN_BOOL_CONVERSION = YES;
				CLANG_WARN_COMMA = YES;
				CLANG_WARN_CONSTANT_CONVERSION = YES;
				CLANG_WARN_DEPRECATED_OBJC_IMPLEMENTATIONS = YES;
				CLANG_WARN_DIRECT_OBJC_ISA_USAGE = YES_ERROR;
				CLANG_WARN_DOCUMENTATION_COMMENTS = YES;
				CLANG_WARN_EMPTY_BODY = YES;
				CLANG_WARN_ENUM_CONVERSION = YES;
				CLANG_WARN_INFINITE_RECURSION = YES;
				CLANG_WARN_INT_CONVERSION = YES;
				CLANG_WARN_NON_LITERAL_NULL_CONVERSION = YES;
				CLANG_WARN_OBJC_IMPLICIT_RETAIN_SELF = YES;
				CLANG_WARN_OBJC_LITERAL_CONVERSION = YES;
				CLANG_WARN_OBJC_ROOT_CLASS = YES_ERROR;
				CLANG_WARN_QUOTED_INCLUDE_IN_FRAMEWORK_HEADER = YES;
				CLANG_WARN_RANGE_LOOP_ANALYSIS = YES;
				CLANG_WARN_STRICT_PROTOTYPES = YES;
				CLANG_WARN_SUSPICIOUS_MOVE = YES;
				CLANG_WARN_UNGUARDED_AVAILABILITY = YES_AGGRESSIVE;
				CLANG_WARN_UNREACHABLE_CODE = YES;
				CLANG_WARN__DUPLICATE_METHOD_MATCH = YES;
				COPY_PHASE_STRIP = NO;
				DEBUG_INFORMATION_FORMAT = "dwarf-with-dsym";
				ENABLE_NS_ASSERTIONS = NO;
				ENABLE_STRICT_OBJC_MSGSEND = YES;
				GCC_C_LANGUAGE_STANDARD = gnu11;
				GCC_NO_COMMON_BLOCKS = YES;
				GCC_WARN_64_TO_32_BIT_CONVERSION = YES;
				GCC_WARN_ABOUT_RETURN_TYPE = YES_ERROR;
				GCC_WARN_UNDECLARED_SELECTOR = YES;
				GCC_WARN_UNINITIALIZED_AUTOS = YES_AGGRESSIVE;
				GCC_WARN_UNUSED_FUNCTION = YES;
				GCC_WARN_UNUSED_VARIABLE = YES;
				IPHONEOS_DEPLOYMENT_TARGET = 14.4;
				MTL_ENABLE_DEBUG_INFO = NO;
				MTL_FAST_MATH = YES;
				SDKROOT = iphoneos;
				SWIFT_COMPILATION_MODE = wholemodule;
				SWIFT_OPTIMIZATION_LEVEL = "-O";
				VALIDATE_PRODUCT = YES;
			};
			name = Release;
		};
		D5B3EA7B26058BA800ADF142 /* Debug */ = {
			isa = XCBuildConfiguration;
			baseConfigurationReference = 91BC65876C2FBAB77CA32D70 /* Pods-Parstagram.debug.xcconfig */;
			buildSettings = {
				ASSETCATALOG_COMPILER_APPICON_NAME = AppIcon;
				ASSETCATALOG_COMPILER_GLOBAL_ACCENT_COLOR_NAME = AccentColor;
				CODE_SIGN_STYLE = Automatic;
				INFOPLIST_FILE = Parstagram/Info.plist;
				LD_RUNPATH_SEARCH_PATHS = (
					"$(inherited)",
					"@executable_path/Frameworks",
				);
				PRODUCT_BUNDLE_IDENTIFIER = "n-gstribling-yahoo.com.Parstagram";
				PRODUCT_NAME = "$(TARGET_NAME)";
				SWIFT_VERSION = 5.0;
				TARGETED_DEVICE_FAMILY = "1,2";
			};
			name = Debug;
		};
		D5B3EA7C26058BA800ADF142 /* Release */ = {
			isa = XCBuildConfiguration;
			baseConfigurationReference = 83730534EC815B10F468137B /* Pods-Parstagram.release.xcconfig */;
			buildSettings = {
				ASSETCATALOG_COMPILER_APPICON_NAME = AppIcon;
				ASSETCATALOG_COMPILER_GLOBAL_ACCENT_COLOR_NAME = AccentColor;
				CODE_SIGN_STYLE = Automatic;
				INFOPLIST_FILE = Parstagram/Info.plist;
				LD_RUNPATH_SEARCH_PATHS = (
					"$(inherited)",
					"@executable_path/Frameworks",
				);
				PRODUCT_BUNDLE_IDENTIFIER = "n-gstribling-yahoo.com.Parstagram";
				PRODUCT_NAME = "$(TARGET_NAME)";
				SWIFT_VERSION = 5.0;
				TARGETED_DEVICE_FAMILY = "1,2";
			};
			name = Release;
		};
		D5B3EA7E26058BA800ADF142 /* Debug */ = {
			isa = XCBuildConfiguration;
			baseConfigurationReference = A1D4AB07E97C2838E72F46BB /* Pods-ParstagramTests.debug.xcconfig */;
			buildSettings = {
				ALWAYS_EMBED_SWIFT_STANDARD_LIBRARIES = YES;
				BUNDLE_LOADER = "$(TEST_HOST)";
				CODE_SIGN_STYLE = Automatic;
				INFOPLIST_FILE = ParstagramTests/Info.plist;
				IPHONEOS_DEPLOYMENT_TARGET = 14.4;
				LD_RUNPATH_SEARCH_PATHS = (
					"$(inherited)",
					"@executable_path/Frameworks",
					"@loader_path/Frameworks",
				);
				PRODUCT_BUNDLE_IDENTIFIER = "n-gstribling-yahoo.com.ParstagramTests";
				PRODUCT_NAME = "$(TARGET_NAME)";
				SWIFT_VERSION = 5.0;
				TARGETED_DEVICE_FAMILY = "1,2";
				TEST_HOST = "$(BUILT_PRODUCTS_DIR)/Parstagram.app/Parstagram";
			};
			name = Debug;
		};
		D5B3EA7F26058BA800ADF142 /* Release */ = {
			isa = XCBuildConfiguration;
			baseConfigurationReference = 488E65D59E38BD345D58977A /* Pods-ParstagramTests.release.xcconfig */;
			buildSettings = {
				ALWAYS_EMBED_SWIFT_STANDARD_LIBRARIES = YES;
				BUNDLE_LOADER = "$(TEST_HOST)";
				CODE_SIGN_STYLE = Automatic;
				INFOPLIST_FILE = ParstagramTests/Info.plist;
				IPHONEOS_DEPLOYMENT_TARGET = 14.4;
				LD_RUNPATH_SEARCH_PATHS = (
					"$(inherited)",
					"@executable_path/Frameworks",
					"@loader_path/Frameworks",
				);
				PRODUCT_BUNDLE_IDENTIFIER = "n-gstribling-yahoo.com.ParstagramTests";
				PRODUCT_NAME = "$(TARGET_NAME)";
				SWIFT_VERSION = 5.0;
				TARGETED_DEVICE_FAMILY = "1,2";
				TEST_HOST = "$(BUILT_PRODUCTS_DIR)/Parstagram.app/Parstagram";
			};
			name = Release;
		};
		D5B3EA8126058BA800ADF142 /* Debug */ = {
			isa = XCBuildConfiguration;
			baseConfigurationReference = D525E595DAECD6F224774EB0 /* Pods-Parstagram-ParstagramUITests.debug.xcconfig */;
			buildSettings = {
				ALWAYS_EMBED_SWIFT_STANDARD_LIBRARIES = YES;
				CODE_SIGN_STYLE = Automatic;
				INFOPLIST_FILE = ParstagramUITests/Info.plist;
				LD_RUNPATH_SEARCH_PATHS = (
					"$(inherited)",
					"@executable_path/Frameworks",
					"@loader_path/Frameworks",
				);
				PRODUCT_BUNDLE_IDENTIFIER = "n-gstribling-yahoo.com.ParstagramUITests";
				PRODUCT_NAME = "$(TARGET_NAME)";
				SWIFT_VERSION = 5.0;
				TARGETED_DEVICE_FAMILY = "1,2";
				TEST_TARGET_NAME = Parstagram;
			};
			name = Debug;
		};
		D5B3EA8226058BA800ADF142 /* Release */ = {
			isa = XCBuildConfiguration;
			baseConfigurationReference = 21497255CE805A241D64CB3E /* Pods-Parstagram-ParstagramUITests.release.xcconfig */;
			buildSettings = {
				ALWAYS_EMBED_SWIFT_STANDARD_LIBRARIES = YES;
				CODE_SIGN_STYLE = Automatic;
				INFOPLIST_FILE = ParstagramUITests/Info.plist;
				LD_RUNPATH_SEARCH_PATHS = (
					"$(inherited)",
					"@executable_path/Frameworks",
					"@loader_path/Frameworks",
				);
				PRODUCT_BUNDLE_IDENTIFIER = "n-gstribling-yahoo.com.ParstagramUITests";
				PRODUCT_NAME = "$(TARGET_NAME)";
				SWIFT_VERSION = 5.0;
				TARGETED_DEVICE_FAMILY = "1,2";
				TEST_TARGET_NAME = Parstagram;
			};
			name = Release;
		};
/* End XCBuildConfiguration section */

/* Begin XCConfigurationList section */
		D5B3EA4B26058BA400ADF142 /* Build configuration list for PBXProject "Parstagram" */ = {
			isa = XCConfigurationList;
			buildConfigurations = (
				D5B3EA7826058BA800ADF142 /* Debug */,
				D5B3EA7926058BA800ADF142 /* Release */,
			);
			defaultConfigurationIsVisible = 0;
			defaultConfigurationName = Release;
		};
		D5B3EA7A26058BA800ADF142 /* Build configuration list for PBXNativeTarget "Parstagram" */ = {
			isa = XCConfigurationList;
			buildConfigurations = (
				D5B3EA7B26058BA800ADF142 /* Debug */,
				D5B3EA7C26058BA800ADF142 /* Release */,
			);
			defaultConfigurationIsVisible = 0;
			defaultConfigurationName = Release;
		};
		D5B3EA7D26058BA800ADF142 /* Build configuration list for PBXNativeTarget "ParstagramTests" */ = {
			isa = XCConfigurationList;
			buildConfigurations = (
				D5B3EA7E26058BA800ADF142 /* Debug */,
				D5B3EA7F26058BA800ADF142 /* Release */,
			);
			defaultConfigurationIsVisible = 0;
			defaultConfigurationName = Release;
		};
		D5B3EA8026058BA800ADF142 /* Build configuration list for PBXNativeTarget "ParstagramUITests" */ = {
			isa = XCConfigurationList;
			buildConfigurations = (
				D5B3EA8126058BA800ADF142 /* Debug */,
				D5B3EA8226058BA800ADF142 /* Release */,
			);
			defaultConfigurationIsVisible = 0;
			defaultConfigurationName = Release;
		};
/* End XCConfigurationList section */
	};
	rootObject = D5B3EA4826058BA400ADF142 /* Project object */;
}
